
Microsoft Visual Studio Solution File, Format Version 12.00
# Visual Studio Version 17
VisualStudioVersion = 17.2.32630.192
MinimumVisualStudioVersion = 10.0.40219.1
Project("{FAE04EC0-301F-11D3-BF4B-00C04F79EFBC}") = "BlazorShop.API", "BlazorShop.API\BlazorShop.API.csproj", "{DE34C09A-25C3-490A-B165-F66DCF39A3A5}"
EndProject
Project("{FAE04EC0-301F-11D3-BF4B-00C04F79EFBC}") = "BlazorShop.UI", "BlazorShop.UI\BlazorShop.UI.csproj", "{D61A5D3E-3403-40DE-86E1-192A3460F1A6}"
EndProject
Project("{FAE04EC0-301F-11D3-BF4B-00C04F79EFBC}") = "BlazorShop.Models", "BlazorShop.Models\BlazorShop.Models.csproj", "{2DDFA744-1089-4B4E-B69B-6F2AC6D22F5F}"
EndProject
Global
	GlobalSection(SolutionConfigurationPlatforms) = preSolution
		Debug|Any CPU = Debug|Any CPU
		Release|Any CPU = Release|Any CPU
	EndGlobalSection
	GlobalSection(ProjectConfigurationPlatforms) = postSolution
		{DE34C09A-25C3-490A-B165-F66DCF39A3A5}.Debug|Any CPU.ActiveCfg = Debug|Any CPU
		{DE34C09A-25C3-490A-B165-F66DCF39A3A5}.Debug|Any CPU.Build.0 = Debug|Any CPU
		{DE34C09A-25C3-490A-B165-F66DCF39A3A5}.Release|Any CPU.ActiveCfg = Release|Any CPU
		{DE34C09A-25C3-490A-B165-F66DCF39A3A5}.Release|Any CPU.Build.0 = Release|Any CPU
		{D61A5D3E-3403-40DE-86E1-192A3460F1A6}.Debug|Any CPU.ActiveCfg = Debug|Any CPU
		{D61A5D3E-3403-40DE-86E1-192A3460F1A6}.Debug|Any CPU.Build.0 = Debug|Any CPU
		{D61A5D3E-3403-40DE-86E1-192A3460F1A6}.Release|Any CPU.ActiveCfg = Release|Any CPU
		{D61A5D3E-3403-40DE-86E1-192A3460F1A6}.Release|Any CPU.Build.0 = Release|Any CPU
		{2DDFA744-1089-4B4E-B69B-6F2AC6D22F5F}.Debug|Any CPU.ActiveCfg = Debug|Any CPU
		{2DDFA744-1089-4B4E-B69B-6F2AC6D22F5F}.Debug|Any CPU.Build.0 = Debug|Any CPU
		{2DDFA744-1089-4B4E-B69B-6F2AC6D22F5F}.Release|Any CPU.ActiveCfg = Release|Any CPU
		{2DDFA744-1089-4B4E-B69B-6F2AC6D22F5F}.Release|Any CPU.Build.0 = Release|Any CPU
	EndGlobalSection
	GlobalSection(SolutionProperties) = preSolution
		HideSolutionNode = FALSE
	EndGlobalSection
	GlobalSection(ExtensibilityGlobals) = postSolution
		SolutionGuid = {B6DF9FF6-1B2B-4250-9A7D-A075FBFF8383}
	EndGlobalSection
EndGlobal
